
Microsoft Visual Studio Solution File, Format Version 12.00
# Visual Studio Version 16
VisualStudioVersion = 16.0.31129.286
MinimumVisualStudioVersion = 10.0.40219.1
Project("{FAE04EC0-301F-11D3-BF4B-00C04F79EFBC}") = "ResultatScrutin", "ResultatScrutin\ResultatScrutin.csproj", "{76BB4425-917A-41F1-BF3F-32F38DC9F991}"
EndProject
Project("{FAE04EC0-301F-11D3-BF4B-00C04F79EFBC}") = "SpecFlowScrutin.Specs", "SpecFlowScrutin.Specs\SpecFlowScrutin.Specs.csproj", "{697992CA-EB0C-4C21-88F1-79BD100ABF77}"
EndProject
Global
	GlobalSection(SolutionConfigurationPlatforms) = preSolution
		Debug|Any CPU = Debug|Any CPU
		Release|Any CPU = Release|Any CPU
	EndGlobalSection
	GlobalSection(ProjectConfigurationPlatforms) = postSolution
		{76BB4425-917A-41F1-BF3F-32F38DC9F991}.Debug|Any CPU.ActiveCfg = Debug|Any CPU
		{76BB4425-917A-41F1-BF3F-32F38DC9F991}.Debug|Any CPU.Build.0 = Debug|Any CPU
		{76BB4425-917A-41F1-BF3F-32F38DC9F991}.Release|Any CPU.ActiveCfg = Release|Any CPU
		{76BB4425-917A-41F1-BF3F-32F38DC9F991}.Release|Any CPU.Build.0 = Release|Any CPU
		{697992CA-EB0C-4C21-88F1-79BD100ABF77}.Debug|Any CPU.ActiveCfg = Debug|Any CPU
		{697992CA-EB0C-4C21-88F1-79BD100ABF77}.Debug|Any CPU.Build.0 = Debug|Any CPU
		{697992CA-EB0C-4C21-88F1-79BD100ABF77}.Release|Any CPU.ActiveCfg = Release|Any CPU
		{697992CA-EB0C-4C21-88F1-79BD100ABF77}.Release|Any CPU.Build.0 = Release|Any CPU
	EndGlobalSection
	GlobalSection(SolutionProperties) = preSolution
		HideSolutionNode = FALSE
	EndGlobalSection
	GlobalSection(ExtensibilityGlobals) = postSolution
		SolutionGuid = {7AD42B4B-16AE-4AF5-A0FE-77697F7C3D8C}
	EndGlobalSection
EndGlobal
